<Solution>
  <Folder Name="/src/">
    <Project Path="src/CloudScout.Cli/CloudScout.Cli.csproj" />
    <Project Path="src/CloudScout.Core/CloudScout.Core.csproj" />
  </Folder>
  <Folder Name="/tests/">
    <Project Path="tests/CloudScout.Core.Tests/CloudScout.Core.Tests.csproj" />
  </Folder>
</Solution>
